
Microsoft Visual Studio Solution File, Format Version 12.00
Project("{2150E333-8FDC-42A3-9474-1A3956D46DE8}") = "src", "src", "{D9180C72-D61F-4A8E-B468-05B21CBC65B0}"
EndProject
Project("{2150E333-8FDC-42A3-9474-1A3956D46DE8}") = "tests", "tests", "{B2357DB0-C927-448A-83A7-9B3422C600B9}"
EndProject
Project("{FAE04EC0-301F-11D3-BF4B-00C04F79EFBC}") = "SecretShare.Domain", "SecretShare.Domain\SecretShare.Domain.csproj", "{4CC84B83-59C1-4945-A1FC-C86199F7BF2B}"
EndProject
Project("{FAE04EC0-301F-11D3-BF4B-00C04F79EFBC}") = "SecretShare.Application.Server", "SecretShare.Application.Server\SecretShare.Application.Server.csproj", "{B1D043C3-74E7-42E4-B189-47E0A52206A1}"
EndProject
Project("{FAE04EC0-301F-11D3-BF4B-00C04F79EFBC}") = "SecretShare.Infrastructure", "SecretShare.Infrastructure\SecretShare.Infrastructure.csproj", "{A4B6A2B5-6FF2-4784-9AD3-C5263F9B26B7}"
EndProject
Project("{FAE04EC0-301F-11D3-BF4B-00C04F79EFBC}") = "SecretShare.Server", "SecretShare.Server\SecretShare.Server.csproj", "{DED4A51D-3383-4C7B-87C4-47B1F7ADE0C3}"
EndProject
Project("{FAE04EC0-301F-11D3-BF4B-00C04F79EFBC}") = "SecretShare.Application.Shared", "SecretShare.Application.Shared\SecretShare.Application.Shared.csproj", "{7D5D6971-86B3-485E-A863-8515CB1DB924}"
EndProject
Project("{FAE04EC0-301F-11D3-BF4B-00C04F79EFBC}") = "SecretShare.Web", "SecretShare.Web\SecretShare.Web.csproj", "{0C927BE8-083B-45DC-8FF5-111D6DD35FFC}"
EndProject
Project("{FAE04EC0-301F-11D3-BF4B-00C04F79EFBC}") = "SecretShare.Application.Web", "SecretShare.Application.Web\SecretShare.Application.Web.csproj", "{9571B66B-846D-4E55-840F-4FB2C5AF6A8E}"
EndProject
Project("{FAE04EC0-301F-11D3-BF4B-00C04F79EFBC}") = "SecretShare.Test.Server", "SecretShare.Test.Server\SecretShare.Test.Server.csproj", "{3C9A525A-0BA5-4DA6-A9B9-26A049C5C5CD}"
EndProject
Global
	GlobalSection(SolutionConfigurationPlatforms) = preSolution
		Debug|Any CPU = Debug|Any CPU
		Release|Any CPU = Release|Any CPU
	EndGlobalSection
	GlobalSection(NestedProjects) = preSolution
		{4CC84B83-59C1-4945-A1FC-C86199F7BF2B} = {D9180C72-D61F-4A8E-B468-05B21CBC65B0}
		{B1D043C3-74E7-42E4-B189-47E0A52206A1} = {D9180C72-D61F-4A8E-B468-05B21CBC65B0}
		{A4B6A2B5-6FF2-4784-9AD3-C5263F9B26B7} = {D9180C72-D61F-4A8E-B468-05B21CBC65B0}
		{DED4A51D-3383-4C7B-87C4-47B1F7ADE0C3} = {D9180C72-D61F-4A8E-B468-05B21CBC65B0}
		{7D5D6971-86B3-485E-A863-8515CB1DB924} = {D9180C72-D61F-4A8E-B468-05B21CBC65B0}
		{0C927BE8-083B-45DC-8FF5-111D6DD35FFC} = {D9180C72-D61F-4A8E-B468-05B21CBC65B0}
		{9571B66B-846D-4E55-840F-4FB2C5AF6A8E} = {D9180C72-D61F-4A8E-B468-05B21CBC65B0}
		{3C9A525A-0BA5-4DA6-A9B9-26A049C5C5CD} = {B2357DB0-C927-448A-83A7-9B3422C600B9}
	EndGlobalSection
	GlobalSection(ProjectConfigurationPlatforms) = postSolution
		{4CC84B83-59C1-4945-A1FC-C86199F7BF2B}.Debug|Any CPU.ActiveCfg = Debug|Any CPU
		{4CC84B83-59C1-4945-A1FC-C86199F7BF2B}.Debug|Any CPU.Build.0 = Debug|Any CPU
		{4CC84B83-59C1-4945-A1FC-C86199F7BF2B}.Release|Any CPU.ActiveCfg = Release|Any CPU
		{4CC84B83-59C1-4945-A1FC-C86199F7BF2B}.Release|Any CPU.Build.0 = Release|Any CPU
		{B1D043C3-74E7-42E4-B189-47E0A52206A1}.Debug|Any CPU.ActiveCfg = Debug|Any CPU
		{B1D043C3-74E7-42E4-B189-47E0A52206A1}.Debug|Any CPU.Build.0 = Debug|Any CPU
		{B1D043C3-74E7-42E4-B189-47E0A52206A1}.Release|Any CPU.ActiveCfg = Release|Any CPU
		{B1D043C3-74E7-42E4-B189-47E0A52206A1}.Release|Any CPU.Build.0 = Release|Any CPU
		{A4B6A2B5-6FF2-4784-9AD3-C5263F9B26B7}.Debug|Any CPU.ActiveCfg = Debug|Any CPU
		{A4B6A2B5-6FF2-4784-9AD3-C5263F9B26B7}.Debug|Any CPU.Build.0 = Debug|Any CPU
		{A4B6A2B5-6FF2-4784-9AD3-C5263F9B26B7}.Release|Any CPU.ActiveCfg = Release|Any CPU
		{A4B6A2B5-6FF2-4784-9AD3-C5263F9B26B7}.Release|Any CPU.Build.0 = Release|Any CPU
		{DED4A51D-3383-4C7B-87C4-47B1F7ADE0C3}.Debug|Any CPU.ActiveCfg = Debug|Any CPU
		{DED4A51D-3383-4C7B-87C4-47B1F7ADE0C3}.Debug|Any CPU.Build.0 = Debug|Any CPU
		{DED4A51D-3383-4C7B-87C4-47B1F7ADE0C3}.Release|Any CPU.ActiveCfg = Release|Any CPU
		{DED4A51D-3383-4C7B-87C4-47B1F7ADE0C3}.Release|Any CPU.Build.0 = Release|Any CPU
		{7D5D6971-86B3-485E-A863-8515CB1DB924}.Debug|Any CPU.ActiveCfg = Debug|Any CPU
		{7D5D6971-86B3-485E-A863-8515CB1DB924}.Debug|Any CPU.Build.0 = Debug|Any CPU
		{7D5D6971-86B3-485E-A863-8515CB1DB924}.Release|Any CPU.ActiveCfg = Release|Any CPU
		{7D5D6971-86B3-485E-A863-8515CB1DB924}.Release|Any CPU.Build.0 = Release|Any CPU
		{0C927BE8-083B-45DC-8FF5-111D6DD35FFC}.Debug|Any CPU.ActiveCfg = Debug|Any CPU
		{0C927BE8-083B-45DC-8FF5-111D6DD35FFC}.Debug|Any CPU.Build.0 = Debug|Any CPU
		{0C927BE8-083B-45DC-8FF5-111D6DD35FFC}.Release|Any CPU.ActiveCfg = Release|Any CPU
		{0C927BE8-083B-45DC-8FF5-111D6DD35FFC}.Release|Any CPU.Build.0 = Release|Any CPU
		{9571B66B-846D-4E55-840F-4FB2C5AF6A8E}.Debug|Any CPU.ActiveCfg = Debug|Any CPU
		{9571B66B-846D-4E55-840F-4FB2C5AF6A8E}.Debug|Any CPU.Build.0 = Debug|Any CPU
		{9571B66B-846D-4E55-840F-4FB2C5AF6A8E}.Release|Any CPU.ActiveCfg = Release|Any CPU
		{9571B66B-846D-4E55-840F-4FB2C5AF6A8E}.Release|Any CPU.Build.0 = Release|Any CPU
		{3C9A525A-0BA5-4DA6-A9B9-26A049C5C5CD}.Debug|Any CPU.ActiveCfg = Debug|Any CPU
		{3C9A525A-0BA5-4DA6-A9B9-26A049C5C5CD}.Debug|Any CPU.Build.0 = Debug|Any CPU
		{3C9A525A-0BA5-4DA6-A9B9-26A049C5C5CD}.Release|Any CPU.ActiveCfg = Release|Any CPU
		{3C9A525A-0BA5-4DA6-A9B9-26A049C5C5CD}.Release|Any CPU.Build.0 = Release|Any CPU
	EndGlobalSection
EndGlobal
